
Microsoft Visual Studio Solution File, Format Version 12.00
# Visual Studio Version 17
VisualStudioVersion = 17.11.35327.3
MinimumVisualStudioVersion = 10.0.40219.1
Project("{FAE04EC0-301F-11D3-BF4B-00C04F79EFBC}") = "Calculadora C#", "Calculadora C#.csproj", "{ED08337E-58BC-4A70-AAA2-09952B485A4C}"
EndProject
Global
	GlobalSection(SolutionConfigurationPlatforms) = preSolution
		Debug|Any CPU = Debug|Any CPU
		Release|Any CPU = Release|Any CPU
	EndGlobalSection
	GlobalSection(ProjectConfigurationPlatforms) = postSolution
		{ED08337E-58BC-4A70-AAA2-09952B485A4C}.Debug|Any CPU.ActiveCfg = Debug|Any CPU
		{ED08337E-58BC-4A70-AAA2-09952B485A4C}.Debug|Any CPU.Build.0 = Debug|Any CPU
		{ED08337E-58BC-4A70-AAA2-09952B485A4C}.Release|Any CPU.ActiveCfg = Release|Any CPU
		{ED08337E-58BC-4A70-AAA2-09952B485A4C}.Release|Any CPU.Build.0 = Release|Any CPU
	EndGlobalSection
	GlobalSection(SolutionProperties) = preSolution
		HideSolutionNode = FALSE
	EndGlobalSection
	GlobalSection(ExtensibilityGlobals) = postSolution
		SolutionGuid = {6C109E85-4AF2-4AC3-A605-847B133E49A2}
	EndGlobalSection
EndGlobal
